# This file is generated by running "yarn install" inside your project.
# Manual changes might be lost - proceed with caution!

__metadata:
  version: 6
  cacheKey: 8

"@babel/runtime@npm:7.20.13, @babel/runtime@npm:^7.1.2, @babel/runtime@npm:^7.17.0":
  version: 7.20.13
  resolution: "@babel/runtime@npm:7.20.13"
  dependencies:
    regenerator-runtime: ^0.13.11
  checksum: 09b7a97a05c80540db6c9e4ddf8c5d2ebb06cae5caf3a87e33c33f27f8c4d49d9c67a2d72f1570e796045288fad569f98a26ceba0c4f5fad2af84b6ad855c4fb
  languageName: node
  linkType: hard

"@juggle/resize-observer@npm:^3.3.1":
  version: 3.4.0
  resolution: "@juggle/resize-observer@npm:3.4.0"
  checksum: 2505028c05cc2e17639fcad06218b1c4b60f932a4ebb4b41ab546ef8c157031ae377e3f560903801f6d01706dbefd4943b6c4704bf19ed86dfa1c62f1473a570
  languageName: node
  linkType: hard

"@next/env@npm:14.0.3":
  version: 14.0.3
  resolution: "@next/env@npm:14.0.3"
  checksum: 88a10ead8e8ff613a87a6fd36db385403dbc8a8c40999c6caa0d268117325ed40f00d82e1409206b10c8c280b6c9f3e1dae3c8e0e581c8cf18cf85afa9b58b86
  languageName: node
  linkType: hard

"@next/swc-darwin-arm64@npm:14.0.3":
  version: 14.0.3
  resolution: "@next/swc-darwin-arm64@npm:14.0.3"
  conditions: os=darwin & cpu=arm64
  languageName: node
  linkType: hard

"@next/swc-darwin-x64@npm:14.0.3":
  version: 14.0.3
  resolution: "@next/swc-darwin-x64@npm:14.0.3"
  conditions: os=darwin & cpu=x64
  languageName: node
  linkType: hard

"@next/swc-linux-arm64-gnu@npm:14.0.3":
  version: 14.0.3
  resolution: "@next/swc-linux-arm64-gnu@npm:14.0.3"
  conditions: os=linux & cpu=arm64 & libc=glibc
  languageName: node
  linkType: hard

"@next/swc-linux-arm64-musl@npm:14.0.3":
  version: 14.0.3
  resolution: "@next/swc-linux-arm64-musl@npm:14.0.3"
  conditions: os=linux & cpu=arm64 & libc=musl
  languageName: node
  linkType: hard

"@next/swc-linux-x64-gnu@npm:14.0.3":
  version: 14.0.3
  resolution: "@next/swc-linux-x64-gnu@npm:14.0.3"
  conditions: os=linux & cpu=x64 & libc=glibc
  languageName: node
  linkType: hard

"@next/swc-linux-x64-musl@npm:14.0.3":
  version: 14.0.3
  resolution: "@next/swc-linux-x64-musl@npm:14.0.3"
  conditions: os=linux & cpu=x64 & libc=musl
  languageName: node
  linkType: hard

"@next/swc-win32-arm64-msvc@npm:14.0.3":
  version: 14.0.3
  resolution: "@next/swc-win32-arm64-msvc@npm:14.0.3"
  conditions: os=win32 & cpu=arm64
  languageName: node
  linkType: hard

"@next/swc-win32-ia32-msvc@npm:14.0.3":
  version: 14.0.3
  resolution: "@next/swc-win32-ia32-msvc@npm:14.0.3"
  conditions: os=win32 & cpu=ia32
  languageName: node
  linkType: hard

"@next/swc-win32-x64-msvc@npm:14.0.3":
  version: 14.0.3
  resolution: "@next/swc-win32-x64-msvc@npm:14.0.3"
  conditions: os=win32 & cpu=x64
  languageName: node
  linkType: hard

"@swc/helpers@npm:0.5.2":
  version: 0.5.2
  resolution: "@swc/helpers@npm:0.5.2"
  dependencies:
    tslib: ^2.4.0
  checksum: 51d7e3d8bd56818c49d6bfbd715f0dbeedc13cf723af41166e45c03e37f109336bbcb57a1f2020f4015957721aeb21e1a7fff281233d797ff7d3dd1f447fa258
  languageName: node
  linkType: hard

"@types/node-fetch@npm:^2.6.2":
  version: 2.6.2
  resolution: "@types/node-fetch@npm:2.6.2"
  dependencies:
    "@types/node": "*"
    form-data: ^3.0.0
  checksum: 6f73b1470000d303d25a6fb92875ea837a216656cb7474f66cdd67bb014aa81a5a11e7ac9c21fe19bee9ecb2ef87c1962bceeaec31386119d1ac86e4c30ad7a6
  languageName: node
  linkType: hard

"@types/node@npm:*, @types/node@npm:20.10.4":
  version: 20.10.4
  resolution: "@types/node@npm:20.10.4"
  dependencies:
    undici-types: ~5.26.4
  checksum: 054b296417e771ab524bea63cf3289559c6bdf290d45428f7cc68e9b00030ff7a0ece47b8c99a26b4f47a443919813bcf42beadff2f0bea7d8125fa541d92eb0
  languageName: node
  linkType: hard

"@types/prop-types@npm:*":
  version: 15.7.5
  resolution: "@types/prop-types@npm:15.7.5"
  checksum: 5b43b8b15415e1f298243165f1d44390403bb2bd42e662bca3b5b5633fdd39c938e91b7fce3a9483699db0f7a715d08cef220c121f723a634972fdf596aec980
  languageName: node
  linkType: hard

"@types/react-dom@npm:18.2.17":
  version: 18.2.17
  resolution: "@types/react-dom@npm:18.2.17"
  dependencies:
    "@types/react": "*"
  checksum: 7a4e704ed4be6e0c3ccd8a22ff69386fe548304bf4db090513f42e059ff4c65f7a427790320051524d6578a2e4c9667bb7a80a4c989b72361c019fbe851d9385
  languageName: node
  linkType: hard

"@types/react@npm:*, @types/react@npm:18.2.42":
  version: 18.2.42
  resolution: "@types/react@npm:18.2.42"
  dependencies:
    "@types/prop-types": "*"
    "@types/scheduler": "*"
    csstype: ^3.0.2
  checksum: d2019afdf48303a3a598a97cc9dd2284e3c04b369e791f6ba3c33232b7f8645daff97b093a19f8b3ce75ac8a261b47552cb4513226ab16d843eb9443b0f91844
  languageName: node
  linkType: hard

"@types/scheduler@npm:*":
  version: 0.16.2
  resolution: "@types/scheduler@npm:0.16.2"
  checksum: b6b4dcfeae6deba2e06a70941860fb1435730576d3689225a421280b7742318d1548b3d22c1f66ab68e414f346a9542f29240bc955b6332c5b11e561077583bc
  languageName: node
  linkType: hard

"@volvo-cars/market-sites@npm:1.7.3":
  version: 1.7.3
  resolution: "@volvo-cars/market-sites@npm:1.7.3"
  checksum: c036ae7618a3499b50b2f62a8b197252cef5210bf459891efca69fe3b26ac6d373760799dcd42ce74be11fba62b87d213e3b6e944d04c15e78af8da81e380e8b
  languageName: node
  linkType: hard

"@volvo-cars/react-aria@npm:^0.3.2":
  version: 0.3.2
  resolution: "@volvo-cars/react-aria@npm:0.3.2"
  dependencies:
    "@volvo-cars/react-descendants": ^0.5.3
  peerDependencies:
    react: ^16.3.0 || ^17.0.0 || ^18.0.0
  checksum: 291f493da3c1bf1678687c9123526f122984a60cbf1b7b1b7f5dfc02799b9ccda563efd6b115394713a98b4b9f2ec0891400f70f193f75d3b235a7bf7b65b83c
  languageName: node
  linkType: hard

"@volvo-cars/react-descendants@npm:^0.5.3":
  version: 0.5.3
  resolution: "@volvo-cars/react-descendants@npm:0.5.3"
  dependencies:
    "@volvo-cars/react-layout-utils": ^0.7.2
  peerDependencies:
    react: ^16.3.0 || ^17.0.0 || ^18.0.0
  checksum: db85014d2ee4b7ee70e57907deb8618b52321498b92764ac1086ab1bf9dc0dd610a95e3163336ba49c5a7f7265d92f69f467ce4a8302b8c1c28e873f299a26bd
  languageName: node
  linkType: hard

"@volvo-cars/react-layout-utils@npm:^0.7.2":
  version: 0.7.2
  resolution: "@volvo-cars/react-layout-utils@npm:0.7.2"
  dependencies:
    "@volvo-cars/react-utils": ^1.0.2
    lodash: ^4.17.21
    use-resize-observer: ^9.0.0
  peerDependencies:
    react: ^16.3.0 || ^17.0.0 || ^18.0.0
  checksum: b2b7412b496643e5c96ee86832d066a671762755fd08bc859c7f14e05d26c86035c6ebe0c33dc8f19e15b19bac53861641ea3d95b4fa1f46573da4b7df160288
  languageName: node
  linkType: hard

"@volvo-cars/react-utils@npm:^1.0.2":
  version: 1.0.2
  resolution: "@volvo-cars/react-utils@npm:1.0.2"
  peerDependencies:
    react: ^16.3.0 || ^17.0.0 || ^18.0.0
  checksum: 2d2d4bb92e85bc7e13d4f4062ee84ba59a1e5dd42668fcb48022e728e2d09fd1ae98ce88640dd59acaeb76ba438f85834cbc665e43aaf28d023023b5d5b2605c
  languageName: node
  linkType: hard

"@volvo-cars/site-footer-embed@npm:1.0.0":
  version: 1.0.0
  resolution: "@volvo-cars/site-footer-embed@npm:1.0.0"
  dependencies:
    "@babel/runtime": 7.20.13
    "@types/node-fetch": ^2.6.2
    node-fetch: ^2.6.9
  peerDependencies:
    react: "*"
  checksum: b2ad4126f380c5ba1c02c61f96c13fbbc8e3bdba71a281068b239e08269420594954960998350a26a89505faa2c30c2b4ec8b9b4310c8d8deff10dfb5f5adda2
  languageName: node
  linkType: hard

"@volvo-cars/site-nav-embed@npm:4.0.2":
  version: 4.0.2
  resolution: "@volvo-cars/site-nav-embed@npm:4.0.2"
  dependencies:
    "@babel/runtime": 7.20.13
    "@types/node-fetch": ^2.6.2
    node-fetch: ^2.6.9
  peerDependencies:
    react: "*"
    react-dom: "*"
    react-fela: ^12.0.0
    vcc-ui: "*"
  checksum: bcc1912c89500d996ff2cf3736ae21ca6d5dd0fafad2455eaf5f2d9c0057d05c98ec6318cd8b4b9426508da276350f131594c00a2b8090575f084f065aaeacf0
  languageName: node
  linkType: hard

"@volvo-cars/ui-design-tokens@npm:^2.17.0":
  version: 2.17.0
  resolution: "@volvo-cars/ui-design-tokens@npm:2.17.0"
  checksum: 120f42f3ab159589ab50577458d7c748683c1def56687432c35d47805566a64edd1dab5756c22fcf713e240f53d17fc2cad56636644ff5d5e5c0821f72542393
  languageName: node
  linkType: hard

"asynckit@npm:^0.4.0":
  version: 0.4.0
  resolution: "asynckit@npm:0.4.0"
  checksum: 7b78c451df768adba04e2d02e63e2d0bf3b07adcd6e42b4cf665cb7ce899bedd344c69a1dcbce355b5f972d597b25aaa1c1742b52cffd9caccb22f348114f6be
  languageName: node
  linkType: hard

"busboy@npm:1.6.0":
  version: 1.6.0
  resolution: "busboy@npm:1.6.0"
  dependencies:
    streamsearch: ^1.1.0
  checksum: 32801e2c0164e12106bf236291a00795c3c4e4b709ae02132883fe8478ba2ae23743b11c5735a0aae8afe65ac4b6ca4568b91f0d9fed1fdbc32ede824a73746e
  languageName: node
  linkType: hard

"caniuse-lite@npm:^1.0.30001406":
  version: 1.0.30001441
  resolution: "caniuse-lite@npm:1.0.30001441"
  checksum: 0f5aa8f7ea4d165e88e0d1eaa44564c5bfee66641f265a1fd959e74f0a7e6bc0207db6c28e2fb63dc8b2cd23e0e3cee06c4f372de11c93c57ff5ff4207962c3f
  languageName: node
  linkType: hard

"client-only@npm:0.0.1":
  version: 0.0.1
  resolution: "client-only@npm:0.0.1"
  checksum: 0c16bf660dadb90610553c1d8946a7fdfb81d624adea073b8440b7d795d5b5b08beb3c950c6a2cf16279365a3265158a236876d92bce16423c485c322d7dfaf8
  languageName: node
  linkType: hard

"combined-stream@npm:^1.0.8":
  version: 1.0.8
  resolution: "combined-stream@npm:1.0.8"
  dependencies:
    delayed-stream: ~1.0.0
  checksum: 49fa4aeb4916567e33ea81d088f6584749fc90c7abec76fd516bf1c5aa5c79f3584b5ba3de6b86d26ddd64bae5329c4c7479343250cfe71c75bb366eae53bb7c
  languageName: node
  linkType: hard

"css-in-js-utils@npm:^3.0.0, css-in-js-utils@npm:^3.0.4, css-in-js-utils@npm:^3.1.0":
  version: 3.1.0
  resolution: "css-in-js-utils@npm:3.1.0"
  dependencies:
    hyphenate-style-name: ^1.0.3
  checksum: 066318e918c04a5e5bce46b38fe81052ea6ac051bcc6d3c369a1d59ceb1546cb2b6086901ab5d22be084122ee3732169996a3dfb04d3406eaee205af77aec61b
  languageName: node
  linkType: hard

"csstype@npm:^3.0.2, csstype@npm:^3.0.5, csstype@npm:^3.0.6":
  version: 3.1.1
  resolution: "csstype@npm:3.1.1"
  checksum: 1f7b4f5fdd955b7444b18ebdddf3f5c699159f13e9cf8ac9027ae4a60ae226aef9bbb14a6e12ca7dba3358b007cee6354b116e720262867c398de6c955ea451d
  languageName: node
  linkType: hard

"delayed-stream@npm:~1.0.0":
  version: 1.0.0
  resolution: "delayed-stream@npm:1.0.0"
  checksum: 46fe6e83e2cb1d85ba50bd52803c68be9bd953282fa7096f51fc29edd5d67ff84ff753c51966061e5ba7cb5e47ef6d36a91924eddb7f3f3483b1c560f77a0020
  languageName: node
  linkType: hard

"fast-loops@npm:^1.0.0, fast-loops@npm:^1.0.1, fast-loops@npm:^1.1.3":
  version: 1.1.3
  resolution: "fast-loops@npm:1.1.3"
  checksum: b674378ba2ed8364ca1a00768636e88b22201c8d010fa62a8588a4cace04f90bac46714c13cf638be82b03438d2fe813600da32291fb47297a1bd7fa6cef0cee
  languageName: node
  linkType: hard

"fela-bindings@npm:^12.2.1":
  version: 12.2.1
  resolution: "fela-bindings@npm:12.2.1"
  dependencies:
    fast-loops: ^1.0.0
    fela-dom: ^12.2.1
    fela-tools: ^12.2.1
    react-addons-shallow-compare: ^15.6.3
    shallow-equal: ^1.0.0
  peerDependencies:
    fela: "*"
  checksum: f96f0a6f8b566b453a8e5d965e6be011e2a55ad2c1365ae436dac8a54bd66285a0a940eedde19f13618d2d7dc11c6285b97d2491aa20d649f4872818f8270545
  languageName: node
  linkType: hard

"fela-dom@npm:^12.2.0, fela-dom@npm:^12.2.1":
  version: 12.2.1
  resolution: "fela-dom@npm:12.2.1"
  dependencies:
    css-in-js-utils: ^3.0.0
    fast-loops: ^1.0.1
    fela-utils: ^12.2.1
    sort-css-media-queries: ^1.4.3
  checksum: 0581fcd1b4f703b4df3b5de8b0ee61c62fa6a32a52bfce69d54385a9e780e269b5925e8512029cd7f9a39b0e58db5c84a95863ef3f5b8ec16f3d68986a6040b6
  languageName: node
  linkType: hard

"fela-enforce-longhands@npm:^12.2.0":
  version: 12.2.1
  resolution: "fela-enforce-longhands@npm:12.2.1"
  checksum: a79be8957133abeb1f03217b40d654fd142e7d25d26881abdaa624f434a0269cc9b929d8fd4a71ecaf462220a5da99fc656feeb0d59c8834157cf2495060c43d
  languageName: node
  linkType: hard

"fela-plugin-embedded@npm:^12.2.0":
  version: 12.2.1
  resolution: "fela-plugin-embedded@npm:12.2.1"
  dependencies:
    fast-loops: ^1.0.0
    isobject: ^3.0.1
  checksum: b9fd43121dea9246e1551f28c0cab03c0c30a6c312f230f93de77c9fe5cbe73f36d9157e30f5d706873df2daaa1a3f5c84ab4b98aeea168d4c9d5294419058bc
  languageName: node
  linkType: hard

"fela-plugin-extend@npm:^12.2.0":
  version: 12.2.1
  resolution: "fela-plugin-extend@npm:12.2.1"
  dependencies:
    css-in-js-utils: ^3.0.0
    fast-loops: ^1.0.0
    fela-utils: ^12.2.1
    isobject: ^3.0.1
  peerDependencies:
    fela: ">=11"
  checksum: 80eb97ed328fa56b7fc512aea2c1de3e4a3ad1249dfd272808202d1bd523dd827da577b20435445834b1b3a622928d06a1668cd6f72c5e7b2574fa5436496ae5
  languageName: node
  linkType: hard

"fela-plugin-fallback-value@npm:^12.2.0":
  version: 12.2.1
  resolution: "fela-plugin-fallback-value@npm:12.2.1"
  dependencies:
    css-in-js-utils: ^3.0.0
    isobject: ^4.0.0
  checksum: 44bc37d7da0a8c1b2b820b5a5999f521c31cbab35a0fac10feb55d2e86df5d3d0cb928c5ffe2bfd552b9db00e128bb581d4b8f8a8ab7b1055d28bcad14dbbc19
  languageName: node
  linkType: hard

"fela-plugin-hover-media@npm:^12.2.0":
  version: 12.2.1
  resolution: "fela-plugin-hover-media@npm:12.2.1"
  dependencies:
    css-in-js-utils: ^3.1.0
    fast-loops: ^1.1.3
    isobject: ^3.0.1
  peerDependencies:
    fela: ">=11"
  checksum: 27e260ccc3abf760a3bfca2a3f3ff997e5e5c3286afc3e7510cc4659293b985c9dec6190b891141e83797b3aabb42e09d0d7fa62eeb528294466c5b431bc4aba
  languageName: node
  linkType: hard

"fela-plugin-named-keys@npm:^12.2.0":
  version: 12.2.1
  resolution: "fela-plugin-named-keys@npm:12.2.1"
  dependencies:
    css-in-js-utils: ^3.0.0
    isobject: ^3.0.1
  checksum: 7576a80d3c34e8a68c010d08ac61d132d3819206bbc7c2eff9db7da16fb088bf3bf27d73451d4a2babbb4b83fda6f502327bf5a1a6152699b723908faa0db23a
  languageName: node
  linkType: hard

"fela-plugin-prefixer@npm:^12.2.0":
  version: 12.2.1
  resolution: "fela-plugin-prefixer@npm:12.2.1"
  dependencies:
    css-in-js-utils: ^3.1.0
    fast-loops: ^1.1.3
    isobject: ^4.0.0
    stylis: ^4.0.13
  checksum: db37fc3fdf1d0c1ab0823bcd2deb0429ba78552a833b44bec71fc4e9c61cf0cfffc337c687edda29a27140dfd76ec8eae3b3bba7bd17ab7484e547c0fdefc0c4
  languageName: node
  linkType: hard

"fela-plugin-responsive-value@npm:^12.2.0":
  version: 12.2.1
  resolution: "fela-plugin-responsive-value@npm:12.2.1"
  dependencies:
    css-in-js-utils: ^3.0.0
    fast-loops: ^1.0.0
    isobject: ^3.0.1
  checksum: d567664b8e87f507f833778c28962dd2fffa68af159df9e45200f93c1e2dd3edadd6b174649eb6abd3b3a282b80cd383d4a2e654c6e97b8b3a41873d4ca821a8
  languageName: node
  linkType: hard

"fela-plugin-rtl@npm:^12.2.0":
  version: 12.2.1
  resolution: "fela-plugin-rtl@npm:12.2.1"
  dependencies:
    rtl-css-js: ^1.1.3
  checksum: 902e77f57ac0da1c21a56427e36fcacf7aab5d2b2ef81dca67e95a50479103831af7d021847b889bc6994a8965bddf472b50bc984255ff50df67928acce536cd
  languageName: node
  linkType: hard

"fela-plugin-theme-value@npm:^12.2.0":
  version: 12.2.1
  resolution: "fela-plugin-theme-value@npm:12.2.1"
  dependencies:
    fast-loops: ^1.1.3
    isobject: ^3.0.1
  peerDependencies:
    fela: ">=11"
  checksum: 50f47f91d281d9a6cfda571db33f98bbeb55c290b80f60d804e53e68c5df7055d7d20ab3588bd3c5c7ce14331f28ca615fb949c5f1f87a2fe05f38d029d2bcf4
  languageName: node
  linkType: hard

"fela-plugin-unit@npm:^12.2.0":
  version: 12.2.1
  resolution: "fela-plugin-unit@npm:12.2.1"
  dependencies:
    css-in-js-utils: ^3.0.0
    isobject: ^4.0.0
  checksum: 4216b45454ca335e8b068dc17bfc3e4a5625be1aaf6818c1b476fd55e9bb2500ff1287919255ff5b942a26779a506cfc96c010e3a2d2617203f204ab2e9dafec
  languageName: node
  linkType: hard

"fela-sort-classnames@npm:^12.2.0":
  version: 12.2.1
  resolution: "fela-sort-classnames@npm:12.2.1"
  checksum: ca4df438cd138a8c62681da7afd636cf1032c3406467437fd524cbc81e596f9a063a638c9d442016a9097939010906d520984f62b5f6858736a8de6c52975fb1
  languageName: node
  linkType: hard

"fela-sort-media-query-mobile-first@npm:^12.2.0":
  version: 12.2.1
  resolution: "fela-sort-media-query-mobile-first@npm:12.2.1"
  dependencies:
    sort-css-media-queries: ^1.4.3
  checksum: a4ff599c2047ade5f2d360e0d02929b115b5ed0b5f3a55255bfc1e573b7e21e4ada97b420cfc78d6d35b95858adc263dfddf14aab612f196adbb390e2898cf93
  languageName: node
  linkType: hard

"fela-tools@npm:^12.2.0, fela-tools@npm:^12.2.1":
  version: 12.2.1
  resolution: "fela-tools@npm:12.2.1"
  dependencies:
    css-in-js-utils: ^3.0.0
    fast-loops: ^1.0.0
    fela: ^12.2.1
    fela-utils: ^12.2.1
  peerDependencies:
    fela: ">=11"
  checksum: 6756fdef45cf9b3bac679417d3c71e994f7db93525395aeeca8fe730d3d4914617b44ba8817e9670fb063e937c8d6b01d2bca0b321c6fb095ae1a7cd15793eab
  languageName: node
  linkType: hard

"fela-utils@npm:^12.2.1":
  version: 12.2.1
  resolution: "fela-utils@npm:12.2.1"
  dependencies:
    css-in-js-utils: ^3.0.0
    fast-loops: ^1.0.0
  checksum: 594b4625b723126ef11c124cab988c1273b748bfc43547ad5be33c93e516dab479a1f32bf7bef7bc3cd34d545459b14bb0f6ea596b43d1719a17419ffa086f78
  languageName: node
  linkType: hard

"fela@npm:^12.2.0, fela@npm:^12.2.1":
  version: 12.2.1
  resolution: "fela@npm:12.2.1"
  dependencies:
    css-in-js-utils: ^3.0.0
    csstype: ^3.0.5
    fast-loops: ^1.0.0
    fela-utils: ^12.2.1
    isobject: ^3.0.1
  checksum: fb5317bfc81fb7d9b93f30de281d9be6d191d4650a81774615c35f2b24bbb18415c4869b6cffa9ede06cabcc49231c934ba10030e4f431d89ff6d53ad6e3dfc5
  languageName: node
  linkType: hard

"form-data@npm:^3.0.0":
  version: 3.0.1
  resolution: "form-data@npm:3.0.1"
  dependencies:
    asynckit: ^0.4.0
    combined-stream: ^1.0.8
    mime-types: ^2.1.12
  checksum: b019e8d35c8afc14a2bd8a7a92fa4f525a4726b6d5a9740e8d2623c30e308fbb58dc8469f90415a856698933c8479b01646a9dff33c87cc4e76d72aedbbf860d
  languageName: node
  linkType: hard

"glob-to-regexp@npm:^0.4.1":
  version: 0.4.1
  resolution: "glob-to-regexp@npm:0.4.1"
  checksum: e795f4e8f06d2a15e86f76e4d92751cf8bbfcf0157cea5c2f0f35678a8195a750b34096b1256e436f0cebc1883b5ff0888c47348443e69546a5a87f9e1eb1167
  languageName: node
  linkType: hard

"graceful-fs@npm:^4.1.2":
  version: 4.2.11
  resolution: "graceful-fs@npm:4.2.11"
  checksum: ac85f94da92d8eb6b7f5a8b20ce65e43d66761c55ce85ac96df6865308390da45a8d3f0296dd3a663de65d30ba497bd46c696cc1e248c72b13d6d567138a4fc7
  languageName: node
  linkType: hard

"hyphenate-style-name@npm:^1.0.3":
  version: 1.0.4
  resolution: "hyphenate-style-name@npm:1.0.4"
  checksum: 4f5bf4b055089754924babebaa23c17845937bcca6aee95d5d015f8fa1e6814279002bd6a9e541e3fac2cd02519fc76305396727066c57c8e21a7e73e7a12137
  languageName: node
  linkType: hard

"isobject@npm:^3.0.1":
  version: 3.0.1
  resolution: "isobject@npm:3.0.1"
  checksum: db85c4c970ce30693676487cca0e61da2ca34e8d4967c2e1309143ff910c207133a969f9e4ddb2dc6aba670aabce4e0e307146c310350b298e74a31f7d464703
  languageName: node
  linkType: hard

"isobject@npm:^4.0.0":
  version: 4.0.0
  resolution: "isobject@npm:4.0.0"
  checksum: bbcb522e46d54fb22418ba49fb9a82057ffa201c8401fb6e018c042e2c98cf7d9c7b185aff88e035ec8adea0814506dc2aeff2d08891bbc158e1671a49e99c06
  languageName: node
  linkType: hard

"js-tokens@npm:^3.0.0 || ^4.0.0":
  version: 4.0.0
  resolution: "js-tokens@npm:4.0.0"
  checksum: 8a95213a5a77deb6cbe94d86340e8d9ace2b93bc367790b260101d2f36a2eaf4e4e22d9fa9cf459b38af3a32fb4190e638024cf82ec95ef708680e405ea7cc78
  languageName: node
  linkType: hard

"lodash@npm:^4.17.21":
  version: 4.17.21
  resolution: "lodash@npm:4.17.21"
  checksum: eb835a2e51d381e561e508ce932ea50a8e5a68f4ebdd771ea240d3048244a8d13658acbd502cd4829768c56f2e16bdd4340b9ea141297d472517b83868e677f7
  languageName: node
  linkType: hard

"loose-envify@npm:^1.1.0, loose-envify@npm:^1.4.0":
  version: 1.4.0
  resolution: "loose-envify@npm:1.4.0"
  dependencies:
    js-tokens: ^3.0.0 || ^4.0.0
  bin:
    loose-envify: cli.js
  checksum: 6517e24e0cad87ec9888f500c5b5947032cdfe6ef65e1c1936a0c48a524b81e65542c9c3edc91c97d5bddc806ee2a985dbc79be89215d613b1de5db6d1cfe6f4
  languageName: node
  linkType: hard

"mime-db@npm:1.52.0":
  version: 1.52.0
  resolution: "mime-db@npm:1.52.0"
  checksum: 0d99a03585f8b39d68182803b12ac601d9c01abfa28ec56204fa330bc9f3d1c5e14beb049bafadb3dbdf646dfb94b87e24d4ec7b31b7279ef906a8ea9b6a513f
  languageName: node
  linkType: hard

"mime-types@npm:^2.1.12":
  version: 2.1.35
  resolution: "mime-types@npm:2.1.35"
  dependencies:
    mime-db: 1.52.0
  checksum: 89a5b7f1def9f3af5dad6496c5ed50191ae4331cc5389d7c521c8ad28d5fdad2d06fd81baf38fed813dc4e46bb55c8145bb0ff406330818c9cf712fb2e9b3836
  languageName: node
  linkType: hard

"nanoid@npm:^3.3.6":
  version: 3.3.6
  resolution: "nanoid@npm:3.3.6"
  bin:
    nanoid: bin/nanoid.cjs
  checksum: 7d0eda657002738aa5206107bd0580aead6c95c460ef1bdd0b1a87a9c7ae6277ac2e9b945306aaa5b32c6dcb7feaf462d0f552e7f8b5718abfc6ead5c94a71b3
  languageName: node
  linkType: hard

"next@npm:14.0.3":
  version: 14.0.3
  resolution: "next@npm:14.0.3"
  dependencies:
    "@next/env": 14.0.3
    "@next/swc-darwin-arm64": 14.0.3
    "@next/swc-darwin-x64": 14.0.3
    "@next/swc-linux-arm64-gnu": 14.0.3
    "@next/swc-linux-arm64-musl": 14.0.3
    "@next/swc-linux-x64-gnu": 14.0.3
    "@next/swc-linux-x64-musl": 14.0.3
    "@next/swc-win32-arm64-msvc": 14.0.3
    "@next/swc-win32-ia32-msvc": 14.0.3
    "@next/swc-win32-x64-msvc": 14.0.3
    "@swc/helpers": 0.5.2
    busboy: 1.6.0
    caniuse-lite: ^1.0.30001406
    postcss: 8.4.31
    styled-jsx: 5.1.1
    watchpack: 2.4.0
  peerDependencies:
    "@opentelemetry/api": ^1.1.0
    react: ^18.2.0
    react-dom: ^18.2.0
    sass: ^1.3.0
  dependenciesMeta:
    "@next/swc-darwin-arm64":
      optional: true
    "@next/swc-darwin-x64":
      optional: true
    "@next/swc-linux-arm64-gnu":
      optional: true
    "@next/swc-linux-arm64-musl":
      optional: true
    "@next/swc-linux-x64-gnu":
      optional: true
    "@next/swc-linux-x64-musl":
      optional: true
    "@next/swc-win32-arm64-msvc":
      optional: true
    "@next/swc-win32-ia32-msvc":
      optional: true
    "@next/swc-win32-x64-msvc":
      optional: true
  peerDependenciesMeta:
    "@opentelemetry/api":
      optional: true
    sass:
      optional: true
  bin:
    next: dist/bin/next
  checksum: bf53e597b417ee7ebe148968672268dab0ee32eb358b2fc0899258e88ccae8e26cdc5c04a9e7a6c93e85a464e54eccd226db69d4c255c11e6c426a48320b0a64
  languageName: node
  linkType: hard

"nextjs-site-footer-pages-router@workspace:nextjs/pages-router/site-footer":
  version: 0.0.0-use.local
  resolution: "nextjs-site-footer-pages-router@workspace:nextjs/pages-router/site-footer"
  dependencies:
    "@types/node": 20.10.4
    "@types/react": 18.2.42
    "@types/react-dom": 18.2.17
    "@volvo-cars/market-sites": 1.7.3
    "@volvo-cars/site-footer-embed": 1.0.0
    next: 14.0.3
    react: 18.2.0
    react-dom: 18.2.0
    typescript: 5.3.2
    vcc-ui: ^4.0.0
  languageName: unknown
  linkType: soft

"nextjs-site-navigation-footer@workspace:nextjs/site-navigation-footer":
  version: 0.0.0-use.local
  resolution: "nextjs-site-navigation-footer@workspace:nextjs/site-navigation-footer"
  dependencies:
    "@types/node": 20.10.4
    "@types/react": 18.2.42
    "@types/react-dom": 18.2.17
    "@volvo-cars/market-sites": 1.7.3
    "@volvo-cars/site-footer-embed": 1.0.0
    "@volvo-cars/site-nav-embed": 4.0.2
    next: 14.0.3
    react: 18.2.0
    react-dom: 18.2.0
    typescript: 5.3.2
  languageName: unknown
  linkType: soft

"nextjs-site-navigation-pages-router@workspace:nextjs/pages-router/site-navigation":
  version: 0.0.0-use.local
  resolution: "nextjs-site-navigation-pages-router@workspace:nextjs/pages-router/site-navigation"
  dependencies:
    "@types/node": 20.10.4
    "@types/react": 18.2.42
    "@types/react-dom": 18.2.17
    "@volvo-cars/market-sites": 1.7.3
    "@volvo-cars/site-nav-embed": 4.0.2
    next: 14.0.3
    react: 18.2.0
    react-dom: 18.2.0
    typescript: 5.3.2
    vcc-ui: ^4.0.0
  languageName: unknown
  linkType: soft

"node-fetch@npm:^2.6.9":
  version: 2.6.9
  resolution: "node-fetch@npm:2.6.9"
  dependencies:
    whatwg-url: ^5.0.0
  peerDependencies:
    encoding: ^0.1.0
  peerDependenciesMeta:
    encoding:
      optional: true
  checksum: acb04f9ce7224965b2b59e71b33c639794d8991efd73855b0b250921382b38331ffc9d61bce502571f6cc6e11a8905ca9b1b6d4aeb586ab093e2756a1fd190d0
  languageName: node
  linkType: hard

"object-assign@npm:^4.1.0, object-assign@npm:^4.1.1":
  version: 4.1.1
  resolution: "object-assign@npm:4.1.1"
  checksum: fcc6e4ea8c7fe48abfbb552578b1c53e0d194086e2e6bbbf59e0a536381a292f39943c6e9628af05b5528aa5e3318bb30d6b2e53cadaf5b8fe9e12c4b69af23f
  languageName: node
  linkType: hard

"picocolors@npm:^1.0.0":
  version: 1.0.0
  resolution: "picocolors@npm:1.0.0"
  checksum: a2e8092dd86c8396bdba9f2b5481032848525b3dc295ce9b57896f931e63fc16f79805144321f72976383fc249584672a75cc18d6777c6b757603f372f745981
  languageName: node
  linkType: hard

"postcss@npm:8.4.31":
  version: 8.4.31
  resolution: "postcss@npm:8.4.31"
  dependencies:
    nanoid: ^3.3.6
    picocolors: ^1.0.0
    source-map-js: ^1.0.2
  checksum: 1d8611341b073143ad90486fcdfeab49edd243377b1f51834dc4f6d028e82ce5190e4f11bb2633276864503654fb7cab28e67abdc0fbf9d1f88cad4a0ff0beea
  languageName: node
  linkType: hard

"prop-types@npm:^15.5.8":
  version: 15.8.1
  resolution: "prop-types@npm:15.8.1"
  dependencies:
    loose-envify: ^1.4.0
    object-assign: ^4.1.1
    react-is: ^16.13.1
  checksum: c056d3f1c057cb7ff8344c645450e14f088a915d078dcda795041765047fa080d38e5d626560ccaac94a4e16e3aa15f3557c1a9a8d1174530955e992c675e459
  languageName: node
  linkType: hard

"react-addons-shallow-compare@npm:^15.6.3":
  version: 15.6.3
  resolution: "react-addons-shallow-compare@npm:15.6.3"
  dependencies:
    object-assign: ^4.1.0
  checksum: e18a527a4eee5e08e5dab5b8eb560d04bbd1b63198cd13f080fdd5c0a5fe59c1cc41a545158989d934e9c25903b0789fc107cbc992094f600e30d1c18bba81e6
  languageName: node
  linkType: hard

"react-dom@npm:18.2.0":
  version: 18.2.0
  resolution: "react-dom@npm:18.2.0"
  dependencies:
    loose-envify: ^1.1.0
    scheduler: ^0.23.0
  peerDependencies:
    react: ^18.2.0
  checksum: 7d323310bea3a91be2965f9468d552f201b1c27891e45ddc2d6b8f717680c95a75ae0bc1e3f5cf41472446a2589a75aed4483aee8169287909fcd59ad149e8cc
  languageName: node
  linkType: hard

"react-fela@npm:^12.2.0":
  version: 12.2.1
  resolution: "react-fela@npm:12.2.1"
  dependencies:
    fela-bindings: ^12.2.1
    fela-dom: ^12.2.1
    prop-types: ^15.5.8
  peerDependencies:
    fela: ">=11.3"
    react: "*"
  checksum: 22c600da79a3db446c0ceaa71ec82ceb56332037e6d75fb53a920f3b0df54624cb86023993083212f748a27284f6e67eca83e3ea4f5c12a17ad4fdd1868d0560
  languageName: node
  linkType: hard

"react-is@npm:^16.13.1":
  version: 16.13.1
  resolution: "react-is@npm:16.13.1"
  checksum: f7a19ac3496de32ca9ae12aa030f00f14a3d45374f1ceca0af707c831b2a6098ef0d6bdae51bd437b0a306d7f01d4677fcc8de7c0d331eb47ad0f46130e53c5f
  languageName: node
  linkType: hard

"react@npm:18.2.0":
  version: 18.2.0
  resolution: "react@npm:18.2.0"
  dependencies:
    loose-envify: ^1.1.0
  checksum: 88e38092da8839b830cda6feef2e8505dec8ace60579e46aa5490fc3dc9bba0bd50336507dc166f43e3afc1c42939c09fe33b25fae889d6f402721dcd78fca1b
  languageName: node
  linkType: hard

"regenerator-runtime@npm:^0.13.11":
  version: 0.13.11
  resolution: "regenerator-runtime@npm:0.13.11"
  checksum: 27481628d22a1c4e3ff551096a683b424242a216fee44685467307f14d58020af1e19660bf2e26064de946bad7eff28950eae9f8209d55723e2d9351e632bbb4
  languageName: node
  linkType: hard

"rtl-css-js@npm:^1.1.3":
  version: 1.16.1
  resolution: "rtl-css-js@npm:1.16.1"
  dependencies:
    "@babel/runtime": ^7.1.2
  checksum: 7d9ab942098eee565784ccf957f6b7dfa78ea1eec7c6bffedc6641575d274189e90752537c7bdba1f43ae6534648144f467fd6d581527455ba626a4300e62c7a
  languageName: node
  linkType: hard

"scheduler@npm:^0.23.0":
  version: 0.23.0
  resolution: "scheduler@npm:0.23.0"
  dependencies:
    loose-envify: ^1.1.0
  checksum: d79192eeaa12abef860c195ea45d37cbf2bbf5f66e3c4dcd16f54a7da53b17788a70d109ee3d3dde1a0fd50e6a8fc171f4300356c5aee4fc0171de526bf35f8a
  languageName: node
  linkType: hard

"shallow-equal@npm:^1.0.0":
  version: 1.2.1
  resolution: "shallow-equal@npm:1.2.1"
  checksum: 4f1645cc516e7754c4438db687e1da439a5f29a7dba2ba90c5f88e5708aeb17bc4355ba45cad805b0e95dc898e37d8bf6d77d854919c7512f89939986cff8cd1
  languageName: node
  linkType: hard

"sort-css-media-queries@npm:^1.4.3":
  version: 1.5.4
  resolution: "sort-css-media-queries@npm:1.5.4"
  checksum: f228cd2112b33b3aaf4fab052d3fd2b96b841e4e6259291c8a96537aed1aa0c924af70efca2d0dddab224e45ec973cd893b015cff073d6522e1f43739ca6f005
  languageName: node
  linkType: hard

"source-map-js@npm:^1.0.2":
  version: 1.0.2
  resolution: "source-map-js@npm:1.0.2"
  checksum: c049a7fc4deb9a7e9b481ae3d424cc793cb4845daa690bc5a05d428bf41bf231ced49b4cf0c9e77f9d42fdb3d20d6187619fc586605f5eabe995a316da8d377c
  languageName: node
  linkType: hard

"streamsearch@npm:^1.1.0":
  version: 1.1.0
  resolution: "streamsearch@npm:1.1.0"
  checksum: 1cce16cea8405d7a233d32ca5e00a00169cc0e19fbc02aa839959985f267335d435c07f96e5e0edd0eadc6d39c98d5435fb5bbbdefc62c41834eadc5622ad942
  languageName: node
  linkType: hard

"styled-jsx@npm:5.1.1":
  version: 5.1.1
  resolution: "styled-jsx@npm:5.1.1"
  dependencies:
    client-only: 0.0.1
  peerDependencies:
    react: ">= 16.8.0 || 17.x.x || ^18.0.0-0"
  peerDependenciesMeta:
    "@babel/core":
      optional: true
    babel-plugin-macros:
      optional: true
  checksum: 523a33b38603492547e861b98e29c873939b04e15fbe5ef16132c6f1e15958126647983c7d4675325038b428a5e91183d996e90141b18bdd1bbadf6e2c45b2fa
  languageName: node
  linkType: hard

"stylis@npm:^4.0.13":
  version: 4.1.3
  resolution: "stylis@npm:4.1.3"
  checksum: d04dbffcb9bf2c5ca8d8dc09534203c75df3bf711d33973ea22038a99cc475412a350b661ebd99cbc01daa50d7eedcf0d130d121800eb7318759a197023442a6
  languageName: node
  linkType: hard

"tr46@npm:~0.0.3":
  version: 0.0.3
  resolution: "tr46@npm:0.0.3"
  checksum: 726321c5eaf41b5002e17ffbd1fb7245999a073e8979085dacd47c4b4e8068ff5777142fc6726d6ca1fd2ff16921b48788b87225cbc57c72636f6efa8efbffe3
  languageName: node
  linkType: hard

"tslib@npm:^2.4.0":
  version: 2.4.1
  resolution: "tslib@npm:2.4.1"
  checksum: 19480d6e0313292bd6505d4efe096a6b31c70e21cf08b5febf4da62e95c265c8f571f7b36fcc3d1a17e068032f59c269fab3459d6cd3ed6949eafecf64315fca
  languageName: node
  linkType: hard

"typescript@npm:5.3.2":
  version: 5.3.2
  resolution: "typescript@npm:5.3.2"
  bin:
    tsc: bin/tsc
    tsserver: bin/tsserver
  checksum: d92534dda639eb825db013203404c1fabca8ac630564283c9e7dc9e64fd9c9346c2de95ecebdf3e6e8c1c32941bca1cfe0da37877611feb9daf8feeaea58d230
  languageName: node
  linkType: hard

"typescript@patch:typescript@5.3.2#~builtin<compat/typescript>":
  version: 5.3.2
  resolution: "typescript@patch:typescript@npm%3A5.3.2#~builtin<compat/typescript>::version=5.3.2&hash=d73830"
  bin:
    tsc: bin/tsc
    tsserver: bin/tsserver
  checksum: c034461079fbfde3cb584ddee52afccb15b6e32a0ce186d0b2719968786f7ca73e1b07f71fac4163088790b16811c6ccf79680de190664ef66ff0ba9c1fe4a23
  languageName: node
  linkType: hard

"undici-types@npm:~5.26.4":
  version: 5.26.5
  resolution: "undici-types@npm:5.26.5"
  checksum: 3192ef6f3fd5df652f2dc1cd782b49d6ff14dc98e5dced492aa8a8c65425227da5da6aafe22523c67f035a272c599bb89cfe803c1db6311e44bed3042fc25487
  languageName: node
  linkType: hard

"use-resize-observer@npm:^9.0.0":
  version: 9.1.0
  resolution: "use-resize-observer@npm:9.1.0"
  dependencies:
    "@juggle/resize-observer": ^3.3.1
  peerDependencies:
    react: 16.8.0 - 18
    react-dom: 16.8.0 - 18
  checksum: 92be0ac34a3b3cf884cd55847c90792b5b44833dc258e96d650152815ad246afe45825aa223332203004d836535a927ab74f18dc0313229e2c7c69510eddf382
  languageName: node
  linkType: hard

"vcc-ui@npm:^4.0.0":
  version: 4.8.0
  resolution: "vcc-ui@npm:4.8.0"
  dependencies:
    "@babel/runtime": ^7.17.0
    "@volvo-cars/react-aria": ^0.3.2
    "@volvo-cars/ui-design-tokens": ^2.17.0
    css-in-js-utils: ^3.0.4
    csstype: ^3.0.6
    fast-loops: ^1.1.3
    fela: ^12.2.0
    fela-dom: ^12.2.0
    fela-enforce-longhands: ^12.2.0
    fela-plugin-embedded: ^12.2.0
    fela-plugin-extend: ^12.2.0
    fela-plugin-fallback-value: ^12.2.0
    fela-plugin-hover-media: ^12.2.0
    fela-plugin-named-keys: ^12.2.0
    fela-plugin-prefixer: ^12.2.0
    fela-plugin-responsive-value: ^12.2.0
    fela-plugin-rtl: ^12.2.0
    fela-plugin-theme-value: ^12.2.0
    fela-plugin-unit: ^12.2.0
    fela-sort-classnames: ^12.2.0
    fela-sort-media-query-mobile-first: ^12.2.0
    fela-tools: ^12.2.0
    react-fela: ^12.2.0
  peerDependencies:
    "@types/react": ">= 17.0.0"
    react: ^17.0.0 || ^18.0.0
  checksum: 3ae6289bbd41f4033f37499fd50604227af3d38c8ae862fd29db1d5a277e9de777ca7d2c9a362fa21bd6bf1c4f230e9b37ddf51436ebc55b2aac11a082710f81
  languageName: node
  linkType: hard

"watchpack@npm:2.4.0":
  version: 2.4.0
  resolution: "watchpack@npm:2.4.0"
  dependencies:
    glob-to-regexp: ^0.4.1
    graceful-fs: ^4.1.2
  checksum: 23d4bc58634dbe13b86093e01c6a68d8096028b664ab7139d58f0c37d962d549a940e98f2f201cecdabd6f9c340338dc73ef8bf094a2249ef582f35183d1a131
  languageName: node
  linkType: hard

"web-platform-examples@workspace:.":
  version: 0.0.0-use.local
  resolution: "web-platform-examples@workspace:."
  languageName: unknown
  linkType: soft

"webidl-conversions@npm:^3.0.0":
  version: 3.0.1
  resolution: "webidl-conversions@npm:3.0.1"
  checksum: c92a0a6ab95314bde9c32e1d0a6dfac83b578f8fa5f21e675bc2706ed6981bc26b7eb7e6a1fab158e5ce4adf9caa4a0aee49a52505d4d13c7be545f15021b17c
  languageName: node
  linkType: hard

"whatwg-url@npm:^5.0.0":
  version: 5.0.0
  resolution: "whatwg-url@npm:5.0.0"
  dependencies:
    tr46: ~0.0.3
    webidl-conversions: ^3.0.0
  checksum: b8daed4ad3356cc4899048a15b2c143a9aed0dfae1f611ebd55073310c7b910f522ad75d727346ad64203d7e6c79ef25eafd465f4d12775ca44b90fa82ed9e2c
  languageName: node
  linkType: hard
